# This file is autogenerated, do not edit; changes may be undone by the next 'dep ensure'.


[[projects]]
  name = "github.com/go-redis/redis"
  packages = [".","internal","internal/consistenthash","internal/hashtag","internal/pool","internal/proto"]
  revision = "19c1c2272e00c1aaa903cf574c746cd449f9cd3c"
  version = "v6.5.7"

[solve-meta]
  analyzer-name = "dep"
  analyzer-version = 1
  inputs-digest = "1a960c264c5019131169c14439f1e9848fc867e301477c78016c3ba0046e7269"
  solver-name = "gps-cdcl"
  solver-version = 1
